
Microsoft Visual Studio Solution File, Format Version 9.00
# Visual Studio 2005
Project("{FAE04EC0-301F-11D3-BF4B-00C04F79EFBC}") = "EngineApplication", "EngineApplication\EngineApplication.csproj", "{64BA6649-7A0C-4F69-80A4-38DEAF60EC5A}"
	ProjectSection(WebsiteProperties) = preProject
		Debug.AspNetCompiler.Debug = "True"
		Release.AspNetCompiler.Debug = "False"
	EndProjectSection
	ProjectSection(ProjectDependencies) = postProject
		{27C02E78-93DB-4550-8126-2BC6BD9DD3CB} = {27C02E78-93DB-4550-8126-2BC6BD9DD3CB}
	EndProjectSection
EndProject
Project("{FAE04EC0-301F-11D3-BF4B-00C04F79EFBC}") = "EngineLibrary", "EngineLibrary\EngineLibrary.csproj", "{B3ABEF09-C8CB-4532-B147-8A5D039132C1}"
	ProjectSection(WebsiteProperties) = preProject
		Debug.AspNetCompiler.Debug = "True"
		Release.AspNetCompiler.Debug = "False"
	EndProjectSection
EndProject
Project("{FAE04EC0-301F-11D3-BF4B-00C04F79EFBC}") = "TaskletLibrary", "TaskletLibrary\TaskletLibrary.csproj", "{02AFC0F7-9F1E-4FA8-BDE8-B2867552DEB6}"
	ProjectSection(WebsiteProperties) = preProject
		Debug.AspNetCompiler.Debug = "True"
		Release.AspNetCompiler.Debug = "False"
	EndProjectSection
EndProject
Project("{2150E333-8FDC-42A3-9474-1A3956D46DE8}") = "XML", "XML", "{E30C79D0-E76D-45F3-B04E-A2F61AF38636}"
	ProjectSection(WebsiteProperties) = preProject
		Debug.AspNetCompiler.Debug = "True"
		Release.AspNetCompiler.Debug = "False"
	EndProjectSection
EndProject
Project("{FAE04EC0-301F-11D3-BF4B-00C04F79EFBC}") = "IOTasklet", "IOTasklet\IOTasklet.csproj", "{27C02E78-93DB-4550-8126-2BC6BD9DD3CB}"
	ProjectSection(WebsiteProperties) = preProject
		Debug.AspNetCompiler.Debug = "True"
		Release.AspNetCompiler.Debug = "False"
	EndProjectSection
EndProject
Project("{FAE04EC0-301F-11D3-BF4B-00C04F79EFBC}") = "HWTasklet", "HWTasklet\HWTasklet.csproj", "{8464E624-F052-48BD-B627-7F41C89C31A9}"
	ProjectSection(WebsiteProperties) = preProject
		Debug.AspNetCompiler.Debug = "True"
		Release.AspNetCompiler.Debug = "False"
	EndProjectSection
EndProject
Project("{FAE04EC0-301F-11D3-BF4B-00C04F79EFBC}") = "CustomerListTasklet", "CustomerListTasklet\CustomerListTasklet.csproj", "{6F0533A3-1501-47B8-BFBF-A7B1D662A745}"
	ProjectSection(WebsiteProperties) = preProject
		Debug.AspNetCompiler.Debug = "True"
		Release.AspNetCompiler.Debug = "False"
	EndProjectSection
EndProject
Project("{FAE04EC0-301F-11D3-BF4B-00C04F79EFBC}") = "StyleService", "StyleService\StyleService.csproj", "{27CCB793-4BAA-4A7E-8734-88F17298B05D}"
	ProjectSection(WebsiteProperties) = preProject
		Debug.AspNetCompiler.Debug = "True"
		Release.AspNetCompiler.Debug = "False"
	EndProjectSection
EndProject
Project("{FAE04EC0-301F-11D3-BF4B-00C04F79EFBC}") = "CustomerDetailTasklet", "CustomerDetailTasklet\CustomerDetailTasklet.csproj", "{ADE3E479-1958-4DDB-A471-4DB548B9ACF9}"
	ProjectSection(WebsiteProperties) = preProject
		Debug.AspNetCompiler.Debug = "True"
		Release.AspNetCompiler.Debug = "False"
	EndProjectSection
EndProject
Project("{FAE04EC0-301F-11D3-BF4B-00C04F79EFBC}") = "CustomerContactDetailTasklet", "CustomerContactDetailTasklet\CustomerContactDetailTasklet.csproj", "{2B0E7DF4-8DE5-49FA-9A2D-272EC2706AAB}"
	ProjectSection(WebsiteProperties) = preProject
		Debug.AspNetCompiler.Debug = "True"
		Release.AspNetCompiler.Debug = "False"
	EndProjectSection
EndProject
Project("{FAE04EC0-301F-11D3-BF4B-00C04F79EFBC}") = "CustomerCreditLimitDetailTasklet", "CustomerCreditLimitDetailTasklet\CustomerCreditLimitDetailTasklet.csproj", "{FBE540C9-483F-41A2-97F0-3CB16D829CE1}"
	ProjectSection(WebsiteProperties) = preProject
		Debug.AspNetCompiler.Debug = "True"
		Release.AspNetCompiler.Debug = "False"
	EndProjectSection
EndProject
Global
	GlobalSection(SolutionConfigurationPlatforms) = preSolution
		Debug|Any CPU = Debug|Any CPU
		Release|Any CPU = Release|Any CPU
	EndGlobalSection
	GlobalSection(ProjectConfigurationPlatforms) = postSolution
		{64BA6649-7A0C-4F69-80A4-38DEAF60EC5A}.Debug|Any CPU.ActiveCfg = Debug|Any CPU
		{64BA6649-7A0C-4F69-80A4-38DEAF60EC5A}.Debug|Any CPU.Build.0 = Debug|Any CPU
		{64BA6649-7A0C-4F69-80A4-38DEAF60EC5A}.Debug|Any CPU.Deploy.0 = Debug|Any CPU
		{64BA6649-7A0C-4F69-80A4-38DEAF60EC5A}.Release|Any CPU.ActiveCfg = Release|Any CPU
		{64BA6649-7A0C-4F69-80A4-38DEAF60EC5A}.Release|Any CPU.Build.0 = Release|Any CPU
		{64BA6649-7A0C-4F69-80A4-38DEAF60EC5A}.Release|Any CPU.Deploy.0 = Release|Any CPU
		{B3ABEF09-C8CB-4532-B147-8A5D039132C1}.Debug|Any CPU.ActiveCfg = Debug|Any CPU
		{B3ABEF09-C8CB-4532-B147-8A5D039132C1}.Debug|Any CPU.Build.0 = Debug|Any CPU
		{B3ABEF09-C8CB-4532-B147-8A5D039132C1}.Release|Any CPU.ActiveCfg = Release|Any CPU
		{B3ABEF09-C8CB-4532-B147-8A5D039132C1}.Release|Any CPU.Build.0 = Release|Any CPU
		{02AFC0F7-9F1E-4FA8-BDE8-B2867552DEB6}.Debug|Any CPU.ActiveCfg = Debug|Any CPU
		{02AFC0F7-9F1E-4FA8-BDE8-B2867552DEB6}.Debug|Any CPU.Build.0 = Debug|Any CPU
		{02AFC0F7-9F1E-4FA8-BDE8-B2867552DEB6}.Release|Any CPU.ActiveCfg = Release|Any CPU
		{02AFC0F7-9F1E-4FA8-BDE8-B2867552DEB6}.Release|Any CPU.Build.0 = Release|Any CPU
		{27C02E78-93DB-4550-8126-2BC6BD9DD3CB}.Debug|Any CPU.ActiveCfg = Debug|Any CPU
		{27C02E78-93DB-4550-8126-2BC6BD9DD3CB}.Debug|Any CPU.Build.0 = Debug|Any CPU
		{27C02E78-93DB-4550-8126-2BC6BD9DD3CB}.Release|Any CPU.ActiveCfg = Release|Any CPU
		{27C02E78-93DB-4550-8126-2BC6BD9DD3CB}.Release|Any CPU.Build.0 = Release|Any CPU
		{8464E624-F052-48BD-B627-7F41C89C31A9}.Debug|Any CPU.ActiveCfg = Debug|Any CPU
		{8464E624-F052-48BD-B627-7F41C89C31A9}.Debug|Any CPU.Build.0 = Debug|Any CPU
		{8464E624-F052-48BD-B627-7F41C89C31A9}.Release|Any CPU.ActiveCfg = Release|Any CPU
		{8464E624-F052-48BD-B627-7F41C89C31A9}.Release|Any CPU.Build.0 = Release|Any CPU
		{6F0533A3-1501-47B8-BFBF-A7B1D662A745}.Debug|Any CPU.ActiveCfg = Debug|Any CPU
		{6F0533A3-1501-47B8-BFBF-A7B1D662A745}.Debug|Any CPU.Build.0 = Debug|Any CPU
		{6F0533A3-1501-47B8-BFBF-A7B1D662A745}.Release|Any CPU.ActiveCfg = Release|Any CPU
		{6F0533A3-1501-47B8-BFBF-A7B1D662A745}.Release|Any CPU.Build.0 = Release|Any CPU
		{27CCB793-4BAA-4A7E-8734-88F17298B05D}.Debug|Any CPU.ActiveCfg = Debug|Any CPU
		{27CCB793-4BAA-4A7E-8734-88F17298B05D}.Debug|Any CPU.Build.0 = Debug|Any CPU
		{27CCB793-4BAA-4A7E-8734-88F17298B05D}.Release|Any CPU.ActiveCfg = Release|Any CPU
		{27CCB793-4BAA-4A7E-8734-88F17298B05D}.Release|Any CPU.Build.0 = Release|Any CPU
		{ADE3E479-1958-4DDB-A471-4DB548B9ACF9}.Debug|Any CPU.ActiveCfg = Debug|Any CPU
		{ADE3E479-1958-4DDB-A471-4DB548B9ACF9}.Debug|Any CPU.Build.0 = Debug|Any CPU
		{ADE3E479-1958-4DDB-A471-4DB548B9ACF9}.Release|Any CPU.ActiveCfg = Release|Any CPU
		{ADE3E479-1958-4DDB-A471-4DB548B9ACF9}.Release|Any CPU.Build.0 = Release|Any CPU
		{2B0E7DF4-8DE5-49FA-9A2D-272EC2706AAB}.Debug|Any CPU.ActiveCfg = Debug|Any CPU
		{2B0E7DF4-8DE5-49FA-9A2D-272EC2706AAB}.Debug|Any CPU.Build.0 = Debug|Any CPU
		{2B0E7DF4-8DE5-49FA-9A2D-272EC2706AAB}.Release|Any CPU.ActiveCfg = Release|Any CPU
		{2B0E7DF4-8DE5-49FA-9A2D-272EC2706AAB}.Release|Any CPU.Build.0 = Release|Any CPU
		{FBE540C9-483F-41A2-97F0-3CB16D829CE1}.Debug|Any CPU.ActiveCfg = Debug|Any CPU
		{FBE540C9-483F-41A2-97F0-3CB16D829CE1}.Debug|Any CPU.Build.0 = Debug|Any CPU
		{FBE540C9-483F-41A2-97F0-3CB16D829CE1}.Release|Any CPU.ActiveCfg = Release|Any CPU
		{FBE540C9-483F-41A2-97F0-3CB16D829CE1}.Release|Any CPU.Build.0 = Release|Any CPU
	EndGlobalSection
	GlobalSection(SolutionProperties) = preSolution
		HideSolutionNode = FALSE
	EndGlobalSection
EndGlobal
